
Microsoft Visual Studio Solution File, Format Version 12.00
# Visual Studio Version 17
VisualStudioVersion = 17.13.35825.156 d17.13
MinimumVisualStudioVersion = 10.0.40219.1
Project("{8BC9CEB8-8B4A-11D0-8D11-00A0C91BC942}") = "Do_thi", "Do_thi\Do_thi.vcxproj", "{201EBF8E-6153-4F10-A12C-3DAC290F4616}"
EndProject
Global
	GlobalSection(SolutionConfigurationPlatforms) = preSolution
		Debug|x64 = Debug|x64
		Debug|x86 = Debug|x86
		Release|x64 = Release|x64
		Release|x86 = Release|x86
	EndGlobalSection
	GlobalSection(ProjectConfigurationPlatforms) = postSolution
		{201EBF8E-6153-4F10-A12C-3DAC290F4616}.Debug|x64.ActiveCfg = Debug|x64
		{201EBF8E-6153-4F10-A12C-3DAC290F4616}.Debug|x64.Build.0 = Debug|x64
		{201EBF8E-6153-4F10-A12C-3DAC290F4616}.Debug|x86.ActiveCfg = Debug|Win32
		{201EBF8E-6153-4F10-A12C-3DAC290F4616}.Debug|x86.Build.0 = Debug|Win32
		{201EBF8E-6153-4F10-A12C-3DAC290F4616}.Release|x64.ActiveCfg = Release|x64
		{201EBF8E-6153-4F10-A12C-3DAC290F4616}.Release|x64.Build.0 = Release|x64
		{201EBF8E-6153-4F10-A12C-3DAC290F4616}.Release|x86.ActiveCfg = Release|Win32
		{201EBF8E-6153-4F10-A12C-3DAC290F4616}.Release|x86.Build.0 = Release|Win32
	EndGlobalSection
	GlobalSection(SolutionProperties) = preSolution
		HideSolutionNode = FALSE
	EndGlobalSection
	GlobalSection(ExtensibilityGlobals) = postSolution
		SolutionGuid = {FCE2830D-88E7-4A12-9602-3BADBD0E48C4}
	EndGlobalSection
EndGlobal
