
Microsoft Visual Studio Solution File, Format Version 12.00
# Visual Studio Version 17
VisualStudioVersion = 17.13.35825.156 d17.13
MinimumVisualStudioVersion = 10.0.40219.1
Project("{FAE04EC0-301F-11D3-BF4B-00C04F79EFBC}") = "Lab05_Bai01_IntHashTable", "Lab05_Bai01_IntHashTable\Lab05_Bai01_IntHashTable.csproj", "{333E9826-B770-430D-B80E-9282B73089C2}"
EndProject
Global
	GlobalSection(SolutionConfigurationPlatforms) = preSolution
		Debug|Any CPU = Debug|Any CPU
		Release|Any CPU = Release|Any CPU
	EndGlobalSection
	GlobalSection(ProjectConfigurationPlatforms) = postSolution
		{333E9826-B770-430D-B80E-9282B73089C2}.Debug|Any CPU.ActiveCfg = Debug|Any CPU
		{333E9826-B770-430D-B80E-9282B73089C2}.Debug|Any CPU.Build.0 = Debug|Any CPU
		{333E9826-B770-430D-B80E-9282B73089C2}.Release|Any CPU.ActiveCfg = Release|Any CPU
		{333E9826-B770-430D-B80E-9282B73089C2}.Release|Any CPU.Build.0 = Release|Any CPU
	EndGlobalSection
	GlobalSection(SolutionProperties) = preSolution
		HideSolutionNode = FALSE
	EndGlobalSection
	GlobalSection(ExtensibilityGlobals) = postSolution
		SolutionGuid = {9451A7B9-E332-4AC1-ACF0-D77270D9F3C1}
	EndGlobalSection
EndGlobal
